# THIS IS AN AUTOGENERATED FILE. DO NOT EDIT THIS FILE DIRECTLY.
# yarn lockfile v1


"@types/node-json-db@^0.9.3":
  version "0.9.3"
  resolved "https://registry.yarnpkg.com/@types/node-json-db/-/node-json-db-0.9.3.tgz#511534e10d2595f67c65869e14848383c059bbe0"
  integrity sha512-rxLQvD8mU6LZlz5QlTIs9nz9AB2jOiS/0nZ/T8MQTdABEUJIyt2Q4wwhbdlEDZcSLWLTYJwsf5mVGi0UaPircw==
  dependencies:
    node-json-db "*"

mkdirp@~1.0.4:
  version "1.0.4"
  resolved "https://registry.yarnpkg.com/mkdirp/-/mkdirp-1.0.4.tgz#3eb5ed62622756d79a5f0e2a221dfebad75c2f7e"
  integrity sha512-vVqVZQyf3WLx2Shd0qJ9xuvqgAyKPLAiqITEtqW0oIUjzo3PePDd6fW9iFz30ef7Ysp/oiWqbhszeGWW2T6Gzw==

node-json-db@*:
  version "1.1.0"
  resolved "https://registry.yarnpkg.com/node-json-db/-/node-json-db-1.1.0.tgz#b275703bf9467985aa2a08ae735a2b1ea02d1c35"
  integrity sha512-HdgRbJrz5OV5+Vs4hLm/i8MTsbxqyvO9A2I/LNviAdrfbvOGt7UhT+DPIEUCaPQbV69fUd0zXB4MWlqGUMf0WA==
  dependencies:
    mkdirp "~1.0.4"

node-json-db@1.4.1:
  version "1.4.1"
  resolved "https://registry.yarnpkg.com/node-json-db/-/node-json-db-1.4.1.tgz#d5d0898b97902d7ffa6e082c3fe414582fcb363e"
  integrity sha512-hyfnBtuN3kb88SMmDgVil53Frygx+yYkVi6t10VjpEsPseuMI8+gT+FF37DOcyGCr/1wq6qNIr5PnFimCDlzfA==
  dependencies:
    mkdirp "~1.0.4"

typescript@4.4.4:
  version "4.4.4"
  resolved "https://registry.yarnpkg.com/typescript/-/typescript-4.4.4.tgz#2cd01a1a1f160704d3101fd5a58ff0f9fcb8030c"
  integrity sha512-DqGhF5IKoBl8WNf8C1gu8q0xZSInh9j1kJJMqT3a94w1JzVaBU4EXOSMrz9yDqMT0xt3selp83fuFMQ0uzv6qA==
